{
    "_meta": {
        "hash": {
            "sha256": "657009baa42f74fa7f8ed1b6905c37468d8294193ee1c6086397caaef1129e27"
        },
        "pipfile-spec": 6,
        "requires": {
            "python_version": "3.11"
        },
        "sources": [
            {
                "name": "pypi",
                "url": "https://pypi.org/simple",
                "verify_ssl": true
            }
        ]
    },
    "default": {
        "click": {
            "hashes": [
                "sha256:ae74fb96c20a0277a1d615f1e4d73c8414f5a98db8b799a7931d1582f3390c28",
                "sha256:ca9853ad459e787e2192211578cc907e7594e294c7ccc834310722b41b9ca6de"
            ],
            "index": "pypi",
            "markers": "python_version >= '3.7'",
            "version": "==8.1.7"
        },
        "lgpio": {
            "hashes": [
                "sha256:11372e653b200f76a0b3ef8a23a0735c85ec678a9f8550b9893151ed0f863fff",
                "sha256:1594dd4fdf054ff396bf0730802732c26aa2040d6c70250d0d34f703baafd121",
                "sha256:2aadff092f642fcdada8457c158f87259dfda3a89ec19bae0b99ff22b34aac4b",
                "sha256:5b3c403e1fba9c17d178f1bde102726c548fc5c4fc1ccf5ec3e18f3c08e07e04",
                "sha256:6c65ac42e878764d04a71ed12fe6d46089b36e9e8127722bf29bb2e4bc91de22",
                "sha256:97fe5fb0e888c96031e8899e8c0eca64c63076a6d1f1e774acad8696430b2ff6",
                "sha256:9ed135824c717901457dcf2462bb1af9f5445aa6e56bb7a9263fc064620ef586",
                "sha256:a2f71fb95b149d8ac82c7c6bae70f054f6dc42a006ad35c90c7d8e54921fbcf4",
                "sha256:d245f315e4bc5ba1b72df9fd935a16c99e56ccf6b41d9f66a87804c1dfd91c86",
                "sha256:d907db79292c721c605af08187385ddb3b7af09907e1ffca56cf0cd6558ace0a",
                "sha256:e9f4f3915abe5ae0ffdb4b96f485076d80a663876d839e2d3fd9218a71b9873e",
                "sha256:f8f1a2818ed4293182999679ac8559aea70d45743f5a3ae8025837e529d9e0d4",
                "sha256:f95d6a6db23f99e745e0aee36cd49a515dd6846a5ddb49474c73a390bb2048e2"
            ],
            "index": "pypi",
            "version": "==0.2.2.0"
        },
        "spidev": {
            "hashes": [
                "sha256:14dbc37594a4aaef85403ab617985d3c3ef464d62bc9b769ef552db53701115b",
                "sha256:280abc00a1ef7780ef62c3f294f52a2527b6c47d8c269fea98664970bcaf6da5"
            ],
            "index": "pypi",
            "version": "==3.6"
        },
        "structlog": {
            "hashes": [
                "sha256:3f6efe7d25fab6e86f277713c218044669906537bb717c1807a09d46bca0714d",
                "sha256:41a09886e4d55df25bdcb9b5c9674bccfab723ff43e0a86a1b7b236be8e57b16"
            ],
            "index": "pypi",
            "markers": "python_version >= '3.8'",
            "version": "==24.1.0"
        }
    },
    "develop": {}
}
